// !$*UTF8*$!
{
	archiveVersion = 1;
	classes = {
	};
	objectVersion = 50;
	objects = {

/* Begin PBXBuildFile section */
		F93669972435ADE800BDD843 /* listStorageHandler.swift in Sources */ = {isa = PBXBuildFile; fileRef = F93669962435ADE800BDD843 /* listStorageHandler.swift */; };
		F942A07524348AAD00CF3103 /* CustomCollectionViewCell.swift in Sources */ = {isa = PBXBuildFile; fileRef = F942A07324348AAD00CF3103 /* CustomCollectionViewCell.swift */; };
		F94B566A243C9AB80062C96F /* PNCollectionViewController.swift in Sources */ = {isa = PBXBuildFile; fileRef = F94B5669243C9AB80062C96F /* PNCollectionViewController.swift */; };
		F94B566E243CB3E50062C96F /* SceneDelegate.swift in Sources */ = {isa = PBXBuildFile; fileRef = F94B566D243CB3E50062C96F /* SceneDelegate.swift */; };
		F975E1B4243B4A6A000D295B /* ShoppinglistItemCell.swift in Sources */ = {isa = PBXBuildFile; fileRef = F975E1B3243B4A6A000D295B /* ShoppinglistItemCell.swift */; };
		F992212C24628FD100ADE4B1 /* DataHandler.swift in Sources */ = {isa = PBXBuildFile; fileRef = F992212B24628FD100ADE4B1 /* DataHandler.swift */; };
		F992212E2462CFF600ADE4B1 /* AktivShoppingListVC.swift in Sources */ = {isa = PBXBuildFile; fileRef = F992212D2462CFF600ADE4B1 /* AktivShoppingListVC.swift */; };
		F9E2630B24651C6D009B83A3 /* CreateVC2.swift in Sources */ = {isa = PBXBuildFile; fileRef = F9E2630A24651C6D009B83A3 /* CreateVC2.swift */; };
		F9F68A3224614CAE007B7299 /* PurchNotesModel.xcdatamodeld in Sources */ = {isa = PBXBuildFile; fileRef = F9F68A3024614CAE007B7299 /* PurchNotesModel.xcdatamodeld */; };
		F9FD029F242DF46C0061902F /* AppDelegate.swift in Sources */ = {isa = PBXBuildFile; fileRef = F9FD029E242DF46C0061902F /* AppDelegate.swift */; };
		F9FD02A6242DF46C0061902F /* Main.storyboard in Resources */ = {isa = PBXBuildFile; fileRef = F9FD02A4242DF46C0061902F /* Main.storyboard */; };
		F9FD02A8242DF46E0061902F /* Assets.xcassets in Resources */ = {isa = PBXBuildFile; fileRef = F9FD02A7242DF46E0061902F /* Assets.xcassets */; };
		F9FD02AB242DF46E0061902F /* LaunchScreen.storyboard in Resources */ = {isa = PBXBuildFile; fileRef = F9FD02A9242DF46E0061902F /* LaunchScreen.storyboard */; };
		F9FD02B6242DF46E0061902F /* PurchNotezV2Tests.swift in Sources */ = {isa = PBXBuildFile; fileRef = F9FD02B5242DF46E0061902F /* PurchNotezV2Tests.swift */; };
		F9FD02C1242DF46E0061902F /* PurchNotezV2UITests.swift in Sources */ = {isa = PBXBuildFile; fileRef = F9FD02C0242DF46E0061902F /* PurchNotezV2UITests.swift */; };
		F9FD02DB2431BB010061902F /* MainVC.swift in Sources */ = {isa = PBXBuildFile; fileRef = F9FD02DA2431BB010061902F /* MainVC.swift */; };
		F9FD02E02431CE5A0061902F /* Item.swift in Sources */ = {isa = PBXBuildFile; fileRef = F9FD02DF2431CE5A0061902F /* Item.swift */; };
		F9FD02E22431E2F30061902F /* ShoppingList.swift in Sources */ = {isa = PBXBuildFile; fileRef = F9FD02E12431E2F30061902F /* ShoppingList.swift */; };
		F9FD02E524320C860061902F /* ShoppingItemView.swift in Sources */ = {isa = PBXBuildFile; fileRef = F9FD02E424320C860061902F /* ShoppingItemView.swift */; };
/* End PBXBuildFile section */

/* Begin PBXContainerItemProxy section */
		F9FD02B2242DF46E0061902F /* PBXContainerItemProxy */ = {
			isa = PBXContainerItemProxy;
			containerPortal = F9FD0293242DF46C0061902F /* Project object */;
			proxyType = 1;
			remoteGlobalIDString = F9FD029A242DF46C0061902F;
			remoteInfo = PurchNotezV2;
		};
		F9FD02BD242DF46E0061902F /* PBXContainerItemProxy */ = {
			isa = PBXContainerItemProxy;
			containerPortal = F9FD0293242DF46C0061902F /* Project object */;
			proxyType = 1;
			remoteGlobalIDString = F9FD029A242DF46C0061902F;
			remoteInfo = PurchNotezV2;
		};
/* End PBXContainerItemProxy section */

/* Begin PBXFileReference section */
		F93669962435ADE800BDD843 /* listStorageHandler.swift */ = {isa = PBXFileReference; lastKnownFileType = sourcecode.swift; path = listStorageHandler.swift; sourceTree = "<group>"; };
		F942A07324348AAD00CF3103 /* CustomCollectionViewCell.swift */ = {isa = PBXFileReference; lastKnownFileType = sourcecode.swift; path = CustomCollectionViewCell.swift; sourceTree = "<group>"; };
		F94B5669243C9AB80062C96F /* PNCollectionViewController.swift */ = {isa = PBXFileReference; lastKnownFileType = sourcecode.swift; path = PNCollectionViewController.swift; sourceTree = "<group>"; };
		F94B566D243CB3E50062C96F /* SceneDelegate.swift */ = {isa = PBXFileReference; lastKnownFileType = sourcecode.swift; path = SceneDelegate.swift; sourceTree = "<group>"; };
		F975E1B3243B4A6A000D295B /* ShoppinglistItemCell.swift */ = {isa = PBXFileReference; lastKnownFileType = sourcecode.swift; path = ShoppinglistItemCell.swift; sourceTree = "<group>"; };
		F992212B24628FD100ADE4B1 /* DataHandler.swift */ = {isa = PBXFileReference; lastKnownFileType = sourcecode.swift; path = DataHandler.swift; sourceTree = "<group>"; };
		F992212D2462CFF600ADE4B1 /* AktivShoppingListVC.swift */ = {isa = PBXFileReference; lastKnownFileType = sourcecode.swift; path = AktivShoppingListVC.swift; sourceTree = "<group>"; };
		F9E2630A24651C6D009B83A3 /* CreateVC2.swift */ = {isa = PBXFileReference; lastKnownFileType = sourcecode.swift; path = CreateVC2.swift; sourceTree = "<group>"; };
		F9F68A3124614CAE007B7299 /* PurchNotesModel.xcdatamodel */ = {isa = PBXFileReference; lastKnownFileType = wrapper.xcdatamodel; path = PurchNotesModel.xcdatamodel; sourceTree = "<group>"; };
		F9FD029B242DF46C0061902F /* PurchNotezV2.app */ = {isa = PBXFileReference; explicitFileType = wrapper.application; includeInIndex = 0; path = PurchNotezV2.app; sourceTree = BUILT_PRODUCTS_DIR; };
		F9FD029E242DF46C0061902F /* AppDelegate.swift */ = {isa = PBXFileReference; lastKnownFileType = sourcecode.swift; path = AppDelegate.swift; sourceTree = "<group>"; };
		F9FD02A5242DF46C0061902F /* Base */ = {isa = PBXFileReference; lastKnownFileType = file.storyboard; name = Base; path = Base.lproj/Main.storyboard; sourceTree = "<group>"; };
		F9FD02A7242DF46E0061902F /* Assets.xcassets */ = {isa = PBXFileReference; lastKnownFileType = folder.assetcatalog; path = Assets.xcassets; sourceTree = "<group>"; };
		F9FD02AA242DF46E0061902F /* Base */ = {isa = PBXFileReference; lastKnownFileType = file.storyboard; name = Base; path = Base.lproj/LaunchScreen.storyboard; sourceTree = "<group>"; };
		F9FD02AC242DF46E0061902F /* Info.plist */ = {isa = PBXFileReference; lastKnownFileType = text.plist.xml; path = Info.plist; sourceTree = "<group>"; };
		F9FD02B1242DF46E0061902F /* PurchNotezV2Tests.xctest */ = {isa = PBXFileReference; explicitFileType = wrapper.cfbundle; includeInIndex = 0; path = PurchNotezV2Tests.xctest; sourceTree = BUILT_PRODUCTS_DIR; };
		F9FD02B5242DF46E0061902F /* PurchNotezV2Tests.swift */ = {isa = PBXFileReference; lastKnownFileType = sourcecode.swift; path = PurchNotezV2Tests.swift; sourceTree = "<group>"; };
		F9FD02B7242DF46E0061902F /* Info.plist */ = {isa = PBXFileReference; lastKnownFileType = text.plist.xml; path = Info.plist; sourceTree = "<group>"; };
		F9FD02BC242DF46E0061902F /* PurchNotezV2UITests.xctest */ = {isa = PBXFileReference; explicitFileType = wrapper.cfbundle; includeInIndex = 0; path = PurchNotezV2UITests.xctest; sourceTree = BUILT_PRODUCTS_DIR; };
		F9FD02C0242DF46E0061902F /* PurchNotezV2UITests.swift */ = {isa = PBXFileReference; lastKnownFileType = sourcecode.swift; path = PurchNotezV2UITests.swift; sourceTree = "<group>"; };
		F9FD02C2242DF46E0061902F /* Info.plist */ = {isa = PBXFileReference; lastKnownFileType = text.plist.xml; path = Info.plist; sourceTree = "<group>"; };
		F9FD02DA2431BB010061902F /* MainVC.swift */ = {isa = PBXFileReference; lastKnownFileType = sourcecode.swift; path = MainVC.swift; sourceTree = "<group>"; };
		F9FD02DF2431CE5A0061902F /* Item.swift */ = {isa = PBXFileReference; lastKnownFileType = sourcecode.swift; path = Item.swift; sourceTree = "<group>"; };
		F9FD02E12431E2F30061902F /* ShoppingList.swift */ = {isa = PBXFileReference; lastKnownFileType = sourcecode.swift; path = ShoppingList.swift; sourceTree = "<group>"; };
		F9FD02E424320C860061902F /* ShoppingItemView.swift */ = {isa = PBXFileReference; lastKnownFileType = sourcecode.swift; path = ShoppingItemView.swift; sourceTree = "<group>"; };
/* End PBXFileReference section */

/* Begin PBXFrameworksBuildPhase section */
		F9FD0298242DF46C0061902F /* Frameworks */ = {
			isa = PBXFrameworksBuildPhase;
			buildActionMask = 2147483647;
			files = (
			);
			runOnlyForDeploymentPostprocessing = 0;
		};
		F9FD02AE242DF46E0061902F /* Frameworks */ = {
			isa = PBXFrameworksBuildPhase;
			buildActionMask = 2147483647;
			files = (
			);
			runOnlyForDeploymentPostprocessing = 0;
		};
		F9FD02B9242DF46E0061902F /* Frameworks */ = {
			isa = PBXFrameworksBuildPhase;
			buildActionMask = 2147483647;
			files = (
			);
			runOnlyForDeploymentPostprocessing = 0;
		};
/* End PBXFrameworksBuildPhase section */

/* Begin PBXGroup section */
		F942A07724348AB200CF3103 /* collectionCell */ = {
			isa = PBXGroup;
			children = (
				F975E1B3243B4A6A000D295B /* ShoppinglistItemCell.swift */,
				F942A07324348AAD00CF3103 /* CustomCollectionViewCell.swift */,
			);
			path = collectionCell;
			sourceTree = "<group>";
		};
		F9F68A2D24614B20007B7299 /* Utils */ = {
			isa = PBXGroup;
			children = (
				F93669962435ADE800BDD843 /* listStorageHandler.swift */,
				F992212B24628FD100ADE4B1 /* DataHandler.swift */,
			);
			path = Utils;
			sourceTree = "<group>";
		};
		F9FD0292242DF46C0061902F = {
			isa = PBXGroup;
			children = (
				F9FD029D242DF46C0061902F /* PurchNotezV2 */,
				F9FD02B4242DF46E0061902F /* PurchNotezV2Tests */,
				F9FD02BF242DF46E0061902F /* PurchNotezV2UITests */,
				F9FD029C242DF46C0061902F /* Products */,
			);
			sourceTree = "<group>";
			usesTabs = 1;
		};
		F9FD029C242DF46C0061902F /* Products */ = {
			isa = PBXGroup;
			children = (
				F9FD029B242DF46C0061902F /* PurchNotezV2.app */,
				F9FD02B1242DF46E0061902F /* PurchNotezV2Tests.xctest */,
				F9FD02BC242DF46E0061902F /* PurchNotezV2UITests.xctest */,
			);
			name = Products;
			sourceTree = "<group>";
		};
		F9FD029D242DF46C0061902F /* PurchNotezV2 */ = {
			isa = PBXGroup;
			children = (
				F9F68A2D24614B20007B7299 /* Utils */,
				F9FD02DC2431BB650061902F /* models */,
				F9FD02D52431B81F0061902F /* controller */,
				F9FD02CE242DF4790061902F /* storyboards */,
				F9FD029E242DF46C0061902F /* AppDelegate.swift */,
				F9FD02A7242DF46E0061902F /* Assets.xcassets */,
				F9FD02AC242DF46E0061902F /* Info.plist */,
				F94B566D243CB3E50062C96F /* SceneDelegate.swift */,
			);
			path = PurchNotezV2;
			sourceTree = "<group>";
		};
		F9FD02B4242DF46E0061902F /* PurchNotezV2Tests */ = {
			isa = PBXGroup;
			children = (
				F9FD02B5242DF46E0061902F /* PurchNotezV2Tests.swift */,
				F9FD02B7242DF46E0061902F /* Info.plist */,
			);
			path = PurchNotezV2Tests;
			sourceTree = "<group>";
		};
		F9FD02BF242DF46E0061902F /* PurchNotezV2UITests */ = {
			isa = PBXGroup;
			children = (
				F9FD02C0242DF46E0061902F /* PurchNotezV2UITests.swift */,
				F9FD02C2242DF46E0061902F /* Info.plist */,
			);
			path = PurchNotezV2UITests;
			sourceTree = "<group>";
		};
		F9FD02CE242DF4790061902F /* storyboards */ = {
			isa = PBXGroup;
			children = (
				F9FD02A4242DF46C0061902F /* Main.storyboard */,
				F9FD02A9242DF46E0061902F /* LaunchScreen.storyboard */,
			);
			path = storyboards;
			sourceTree = "<group>";
		};
		F9FD02D52431B81F0061902F /* controller */ = {
			isa = PBXGroup;
			children = (
				F992212D2462CFF600ADE4B1 /* AktivShoppingListVC.swift */,
				F9FD02DA2431BB010061902F /* MainVC.swift */,
				F94B5669243C9AB80062C96F /* PNCollectionViewController.swift */,
				F9E2630A24651C6D009B83A3 /* CreateVC2.swift */,
			);
			path = controller;
			sourceTree = "<group>";
		};
		F9FD02DC2431BB650061902F /* models */ = {
			isa = PBXGroup;
			children = (
				F942A07724348AB200CF3103 /* collectionCell */,
				F9FD02E324320C540061902F /* shoppingItem */,
				F9FD02DF2431CE5A0061902F /* Item.swift */,
				F9FD02E12431E2F30061902F /* ShoppingList.swift */,
				F9F68A3024614CAE007B7299 /* PurchNotesModel.xcdatamodeld */,
			);
			path = models;
			sourceTree = "<group>";
		};
		F9FD02E324320C540061902F /* shoppingItem */ = {
			isa = PBXGroup;
			children = (
				F9FD02E424320C860061902F /* ShoppingItemView.swift */,
			);
			path = shoppingItem;
			sourceTree = "<group>";
		};
/* End PBXGroup section */

/* Begin PBXNativeTarget section */
		F9FD029A242DF46C0061902F /* PurchNotezV2 */ = {
			isa = PBXNativeTarget;
			buildConfigurationList = F9FD02C5242DF46E0061902F /* Build configuration list for PBXNativeTarget "PurchNotezV2" */;
			buildPhases = (
				F9FD0297242DF46C0061902F /* Sources */,
				F9FD0298242DF46C0061902F /* Frameworks */,
				F9FD0299242DF46C0061902F /* Resources */,
			);
			buildRules = (
			);
			dependencies = (
			);
			name = PurchNotezV2;
			productName = PurchNotezV2;
			productReference = F9FD029B242DF46C0061902F /* PurchNotezV2.app */;
			productType = "com.apple.product-type.application";
		};
		F9FD02B0242DF46E0061902F /* PurchNotezV2Tests */ = {
			isa = PBXNativeTarget;
			buildConfigurationList = F9FD02C8242DF46E0061902F /* Build configuration list for PBXNativeTarget "PurchNotezV2Tests" */;
			buildPhases = (
				F9FD02AD242DF46E0061902F /* Sources */,
				F9FD02AE242DF46E0061902F /* Frameworks */,
				F9FD02AF242DF46E0061902F /* Resources */,
			);
			buildRules = (
			);
			dependencies = (
				F9FD02B3242DF46E0061902F /* PBXTargetDependency */,
			);
			name = PurchNotezV2Tests;
			productName = PurchNotezV2Tests;
			productReference = F9FD02B1242DF46E0061902F /* PurchNotezV2Tests.xctest */;
			productType = "com.apple.product-type.bundle.unit-test";
		};
		F9FD02BB242DF46E0061902F /* PurchNotezV2UITests */ = {
			isa = PBXNativeTarget;
			buildConfigurationList = F9FD02CB242DF46E0061902F /* Build configuration list for PBXNativeTarget "PurchNotezV2UITests" */;
			buildPhases = (
				F9FD02B8242DF46E0061902F /* Sources */,
				F9FD02B9242DF46E0061902F /* Frameworks */,
				F9FD02BA242DF46E0061902F /* Resources */,
			);
			buildRules = (
			);
			dependencies = (
				F9FD02BE242DF46E0061902F /* PBXTargetDependency */,
			);
			name = PurchNotezV2UITests;
			productName = PurchNotezV2UITests;
			productReference = F9FD02BC242DF46E0061902F /* PurchNotezV2UITests.xctest */;
			productType = "com.apple.product-type.bundle.ui-testing";
		};
/* End PBXNativeTarget section */

/* Begin PBXProject section */
		F9FD0293242DF46C0061902F /* Project object */ = {
			isa = PBXProject;
			attributes = {
				LastSwiftUpdateCheck = 1140;
				LastUpgradeCheck = 1140;
				ORGANIZATIONNAME = Empiriecom;
				TargetAttributes = {
					F9FD029A242DF46C0061902F = {
						CreatedOnToolsVersion = 11.4;
					};
					F9FD02B0242DF46E0061902F = {
						CreatedOnToolsVersion = 11.4;
						TestTargetID = F9FD029A242DF46C0061902F;
					};
					F9FD02BB242DF46E0061902F = {
						CreatedOnToolsVersion = 11.4;
						TestTargetID = F9FD029A242DF46C0061902F;
					};
				};
			};
			buildConfigurationList = F9FD0296242DF46C0061902F /* Build configuration list for PBXProject "PurchNotezV2" */;
			compatibilityVersion = "Xcode 9.3";
			developmentRegion = en;
			hasScannedForEncodings = 0;
			knownRegions = (
				en,
				Base,
			);
			mainGroup = F9FD0292242DF46C0061902F;
			productRefGroup = F9FD029C242DF46C0061902F /* Products */;
			projectDirPath = "";
			projectRoot = "";
			targets = (
				F9FD029A242DF46C0061902F /* PurchNotezV2 */,
				F9FD02B0242DF46E0061902F /* PurchNotezV2Tests */,
				F9FD02BB242DF46E0061902F /* PurchNotezV2UITests */,
			);
		};
/* End PBXProject section */

/* Begin PBXResourcesBuildPhase section */
		F9FD0299242DF46C0061902F /* Resources */ = {
			isa = PBXResourcesBuildPhase;
			buildActionMask = 2147483647;
			files = (
				F9FD02AB242DF46E0061902F /* LaunchScreen.storyboard in Resources */,
				F9FD02A8242DF46E0061902F /* Assets.xcassets in Resources */,
				F9FD02A6242DF46C0061902F /* Main.storyboard in Resources */,
			);
			runOnlyForDeploymentPostprocessing = 0;
		};
		F9FD02AF242DF46E0061902F /* Resources */ = {
			isa = PBXResourcesBuildPhase;
			buildActionMask = 2147483647;
			files = (
			);
			runOnlyForDeploymentPostprocessing = 0;
		};
		F9FD02BA242DF46E0061902F /* Resources */ = {
			isa = PBXResourcesBuildPhase;
			buildActionMask = 2147483647;
			files = (
			);
			runOnlyForDeploymentPostprocessing = 0;
		};
/* End PBXResourcesBuildPhase section */

/* Begin PBXSourcesBuildPhase section */
		F9FD0297242DF46C0061902F /* Sources */ = {
			isa = PBXSourcesBuildPhase;
			buildActionMask = 2147483647;
			files = (
				F9FD02DB2431BB010061902F /* MainVC.swift in Sources */,
				F9F68A3224614CAE007B7299 /* PurchNotesModel.xcdatamodeld in Sources */,
				F94B566A243C9AB80062C96F /* PNCollectionViewController.swift in Sources */,
				F93669972435ADE800BDD843 /* listStorageHandler.swift in Sources */,
				F9E2630B24651C6D009B83A3 /* CreateVC2.swift in Sources */,
				F942A07524348AAD00CF3103 /* CustomCollectionViewCell.swift in Sources */,
				F9FD02E22431E2F30061902F /* ShoppingList.swift in Sources */,
				F9FD02E524320C860061902F /* ShoppingItemView.swift in Sources */,
				F992212C24628FD100ADE4B1 /* DataHandler.swift in Sources */,
				F94B566E243CB3E50062C96F /* SceneDelegate.swift in Sources */,
				F9FD029F242DF46C0061902F /* AppDelegate.swift in Sources */,
				F9FD02E02431CE5A0061902F /* Item.swift in Sources */,
				F975E1B4243B4A6A000D295B /* ShoppinglistItemCell.swift in Sources */,
				F992212E2462CFF600ADE4B1 /* AktivShoppingListVC.swift in Sources */,
			);
			runOnlyForDeploymentPostprocessing = 0;
		};
		F9FD02AD242DF46E0061902F /* Sources */ = {
			isa = PBXSourcesBuildPhase;
			buildActionMask = 2147483647;
			files = (
				F9FD02B6242DF46E0061902F /* PurchNotezV2Tests.swift in Sources */,
			);
			runOnlyForDeploymentPostprocessing = 0;
		};
		F9FD02B8242DF46E0061902F /* Sources */ = {
			isa = PBXSourcesBuildPhase;
			buildActionMask = 2147483647;
			files = (
				F9FD02C1242DF46E0061902F /* PurchNotezV2UITests.swift in Sources */,
			);
			runOnlyForDeploymentPostprocessing = 0;
		};
/* End PBXSourcesBuildPhase section */

/* Begin PBXTargetDependency section */
		F9FD02B3242DF46E0061902F /* PBXTargetDependency */ = {
			isa = PBXTargetDependency;
			target = F9FD029A242DF46C0061902F /* PurchNotezV2 */;
			targetProxy = F9FD02B2242DF46E0061902F /* PBXContainerItemProxy */;
		};
		F9FD02BE242DF46E0061902F /* PBXTargetDependency */ = {
			isa = PBXTargetDependency;
			target = F9FD029A242DF46C0061902F /* PurchNotezV2 */;
			targetProxy = F9FD02BD242DF46E0061902F /* PBXContainerItemProxy */;
		};
/* End PBXTargetDependency section */

/* Begin PBXVariantGroup section */
		F9FD02A4242DF46C0061902F /* Main.storyboard */ = {
			isa = PBXVariantGroup;
			children = (
				F9FD02A5242DF46C0061902F /* Base */,
			);
			name = Main.storyboard;
			sourceTree = "<group>";
		};
		F9FD02A9242DF46E0061902F /* LaunchScreen.storyboard */ = {
			isa = PBXVariantGroup;
			children = (
				F9FD02AA242DF46E0061902F /* Base */,
			);
			name = LaunchScreen.storyboard;
			sourceTree = "<group>";
		};
/* End PBXVariantGroup section */

/* Begin XCBuildConfiguration section */
		F9FD02C3242DF46E0061902F /* Debug */ = {
			isa = XCBuildConfiguration;
			buildSettings = {
				ALWAYS_SEARCH_USER_PATHS = YES;
				CLANG_ANALYZER_NONNULL = YES;
				CLANG_ANALYZER_NUMBER_OBJECT_CONVERSION = YES_AGGRESSIVE;
				CLANG_CXX_LANGUAGE_STANDARD = "gnu++14";
				CLANG_CXX_LIBRARY = "libc++";
				CLANG_ENABLE_MODULES = YES;
				CLANG_ENABLE_OBJC_ARC = YES;
				CLANG_ENABLE_OBJC_WEAK = YES;
				CLANG_WARN_BLOCK_CAPTURE_AUTORELEASING = YES;
				CLANG_WARN_BOOL_CONVERSION = YES;
				CLANG_WARN_COMMA = YES;
				CLANG_WARN_CONSTANT_CONVERSION = YES;
				CLANG_WARN_DEPRECATED_OBJC_IMPLEMENTATIONS = YES;
				CLANG_WARN_DIRECT_OBJC_ISA_USAGE = YES_ERROR;
				CLANG_WARN_DOCUMENTATION_COMMENTS = YES;
				CLANG_WARN_EMPTY_BODY = YES;
				CLANG_WARN_ENUM_CONVERSION = YES;
				CLANG_WARN_INFINITE_RECURSION = YES;
				CLANG_WARN_INT_CONVERSION = YES;
				CLANG_WARN_NON_LITERAL_NULL_CONVERSION = YES;
				CLANG_WARN_OBJC_IMPLICIT_RETAIN_SELF = YES;
				CLANG_WARN_OBJC_LITERAL_CONVERSION = YES;
				CLANG_WARN_OBJC_ROOT_CLASS = YES_ERROR;
				CLANG_WARN_RANGE_LOOP_ANALYSIS = YES;
				CLANG_WARN_STRICT_PROTOTYPES = YES;
				CLANG_WARN_SUSPICIOUS_MOVE = YES;
				CLANG_WARN_UNGUARDED_AVAILABILITY = YES_AGGRESSIVE;
				CLANG_WARN_UNREACHABLE_CODE = YES;
				CLANG_WARN__DUPLICATE_METHOD_MATCH = YES;
				COPY_PHASE_STRIP = NO;
				DEBUG_INFORMATION_FORMAT = dwarf;
				ENABLE_STRICT_OBJC_MSGSEND = YES;
				ENABLE_TESTABILITY = YES;
				GCC_C_LANGUAGE_STANDARD = gnu11;
				GCC_DYNAMIC_NO_PIC = NO;
				GCC_NO_COMMON_BLOCKS = YES;
				GCC_OPTIMIZATION_LEVEL = 0;
				GCC_PREPROCESSOR_DEFINITIONS = (
					"DEBUG=1",
					"$(inherited)",
				);
				GCC_WARN_64_TO_32_BIT_CONVERSION = YES;
				GCC_WARN_ABOUT_RETURN_TYPE = YES_ERROR;
				GCC_WARN_UNDECLARED_SELECTOR = YES;
				GCC_WARN_UNINITIALIZED_AUTOS = YES_AGGRESSIVE;
				GCC_WARN_UNUSED_FUNCTION = YES;
				GCC_WARN_UNUSED_VARIABLE = YES;
				IPHONEOS_DEPLOYMENT_TARGET = 13.4;
				MTL_ENABLE_DEBUG_INFO = INCLUDE_SOURCE;
				MTL_FAST_MATH = YES;
				ONLY_ACTIVE_ARCH = YES;
				SDKROOT = iphoneos;
				SWIFT_ACTIVE_COMPILATION_CONDITIONS = DEBUG;
				SWIFT_OPTIMIZATION_LEVEL = "-Onone";
			};
			name = Debug;
		};
		F9FD02C4242DF46E0061902F /* Release */ = {
			isa = XCBuildConfiguration;
			buildSettings = {
				ALWAYS_SEARCH_USER_PATHS = YES;
				CLANG_ANALYZER_NONNULL = YES;
				CLANG_ANALYZER_NUMBER_OBJECT_CONVERSION = YES_AGGRESSIVE;
				CLANG_CXX_LANGUAGE_STANDARD = "gnu++14";
				CLANG_CXX_LIBRARY = "libc++";
				CLANG_ENABLE_MODULES = YES;
				CLANG_ENABLE_OBJC_ARC = YES;
				CLANG_ENABLE_OBJC_WEAK = YES;
				CLANG_WARN_BLOCK_CAPTURE_AUTORELEASING = YES;
				CLANG_WARN_BOOL_CONVERSION = YES;
				CLANG_WARN_COMMA = YES;
				CLANG_WARN_CONSTANT_CONVERSION = YES;
				CLANG_WARN_DEPRECATED_OBJC_IMPLEMENTATIONS = YES;
				CLANG_WARN_DIRECT_OBJC_ISA_USAGE = YES_ERROR;
				CLANG_WARN_DOCUMENTATION_COMMENTS = YES;
				CLANG_WARN_EMPTY_BODY = YES;
				CLANG_WARN_ENUM_CONVERSION = YES;
				CLANG_WARN_INFINITE_RECURSION = YES;
				CLANG_WARN_INT_CONVERSION = YES;
				CLANG_WARN_NON_LITERAL_NULL_CONVERSION = YES;
				CLANG_WARN_OBJC_IMPLICIT_RETAIN_SELF = YES;
				CLANG_WARN_OBJC_LITERAL_CONVERSION = YES;
				CLANG_WARN_OBJC_ROOT_CLASS = YES_ERROR;
				CLANG_WARN_RANGE_LOOP_ANALYSIS = YES;
				CLANG_WARN_STRICT_PROTOTYPES = YES;
				CLANG_WARN_SUSPICIOUS_MOVE = YES;
				CLANG_WARN_UNGUARDED_AVAILABILITY = YES_AGGRESSIVE;
				CLANG_WARN_UNREACHABLE_CODE = YES;
				CLANG_WARN__DUPLICATE_METHOD_MATCH = YES;
				COPY_PHASE_STRIP = NO;
				DEBUG_INFORMATION_FORMAT = "dwarf-with-dsym";
				ENABLE_NS_ASSERTIONS = NO;
				ENABLE_STRICT_OBJC_MSGSEND = YES;
				GCC_C_LANGUAGE_STANDARD = gnu11;
				GCC_NO_COMMON_BLOCKS = YES;
				GCC_WARN_64_TO_32_BIT_CONVERSION = YES;
				GCC_WARN_ABOUT_RETURN_TYPE = YES_ERROR;
				GCC_WARN_UNDECLARED_SELECTOR = YES;
				GCC_WARN_UNINITIALIZED_AUTOS = YES_AGGRESSIVE;
				GCC_WARN_UNUSED_FUNCTION = YES;
				GCC_WARN_UNUSED_VARIABLE = YES;
				IPHONEOS_DEPLOYMENT_TARGET = 13.4;
				MTL_ENABLE_DEBUG_INFO = NO;
				MTL_FAST_MATH = YES;
				SDKROOT = iphoneos;
				SWIFT_COMPILATION_MODE = wholemodule;
				SWIFT_OPTIMIZATION_LEVEL = "-O";
				VALIDATE_PRODUCT = YES;
			};
			name = Release;
		};
		F9FD02C6242DF46E0061902F /* Debug */ = {
			isa = XCBuildConfiguration;
			buildSettings = {
				ASSETCATALOG_COMPILER_APPICON_NAME = AppIcon;
				CODE_SIGN_STYLE = Automatic;
				INFOPLIST_FILE = PurchNotezV2/Info.plist;
				LD_RUNPATH_SEARCH_PATHS = (
					"$(inherited)",
					"@executable_path/Frameworks",
				);
				PRODUCT_BUNDLE_IDENTIFIER = Emp.PurchNotezV2;
				PRODUCT_NAME = "$(TARGET_NAME)";
				SWIFT_VERSION = 5.0;
				TARGETED_DEVICE_FAMILY = "1,2";
			};
			name = Debug;
		};
		F9FD02C7242DF46E0061902F /* Release */ = {
			isa = XCBuildConfiguration;
			buildSettings = {
				ASSETCATALOG_COMPILER_APPICON_NAME = AppIcon;
				CODE_SIGN_STYLE = Automatic;
				INFOPLIST_FILE = PurchNotezV2/Info.plist;
				LD_RUNPATH_SEARCH_PATHS = (
					"$(inherited)",
					"@executable_path/Frameworks",
				);
				PRODUCT_BUNDLE_IDENTIFIER = Emp.PurchNotezV2;
				PRODUCT_NAME = "$(TARGET_NAME)";
				SWIFT_VERSION = 5.0;
				TARGETED_DEVICE_FAMILY = "1,2";
			};
			name = Release;
		};
		F9FD02C9242DF46E0061902F /* Debug */ = {
			isa = XCBuildConfiguration;
			buildSettings = {
				ALWAYS_EMBED_SWIFT_STANDARD_LIBRARIES = YES;
				BUNDLE_LOADER = "$(TEST_HOST)";
				CODE_SIGN_STYLE = Automatic;
				INFOPLIST_FILE = PurchNotezV2Tests/Info.plist;
				IPHONEOS_DEPLOYMENT_TARGET = 13.4;
				LD_RUNPATH_SEARCH_PATHS = (
					"$(inherited)",
					"@executable_path/Frameworks",
					"@loader_path/Frameworks",
				);
				PRODUCT_BUNDLE_IDENTIFIER = Emp.PurchNotezV2Tests;
				PRODUCT_NAME = "$(TARGET_NAME)";
				SWIFT_VERSION = 5.0;
				TARGETED_DEVICE_FAMILY = "1,2";
				TEST_HOST = "$(BUILT_PRODUCTS_DIR)/PurchNotezV2.app/PurchNotezV2";
			};
			name = Debug;
		};
		F9FD02CA242DF46E0061902F /* Release */ = {
			isa = XCBuildConfiguration;
			buildSettings = {
				ALWAYS_EMBED_SWIFT_STANDARD_LIBRARIES = YES;
				BUNDLE_LOADER = "$(TEST_HOST)";
				CODE_SIGN_STYLE = Automatic;
				INFOPLIST_FILE = PurchNotezV2Tests/Info.plist;
				IPHONEOS_DEPLOYMENT_TARGET = 13.4;
				LD_RUNPATH_SEARCH_PATHS = (
					"$(inherited)",
					"@executable_path/Frameworks",
					"@loader_path/Frameworks",
				);
				PRODUCT_BUNDLE_IDENTIFIER = Emp.PurchNotezV2Tests;
				PRODUCT_NAME = "$(TARGET_NAME)";
				SWIFT_VERSION = 5.0;
				TARGETED_DEVICE_FAMILY = "1,2";
				TEST_HOST = "$(BUILT_PRODUCTS_DIR)/PurchNotezV2.app/PurchNotezV2";
			};
			name = Release;
		};
		F9FD02CC242DF46E0061902F /* Debug */ = {
			isa = XCBuildConfiguration;
			buildSettings = {
				ALWAYS_EMBED_SWIFT_STANDARD_LIBRARIES = YES;
				CODE_SIGN_STYLE = Automatic;
				INFOPLIST_FILE = PurchNotezV2UITests/Info.plist;
				LD_RUNPATH_SEARCH_PATHS = (
					"$(inherited)",
					"@executable_path/Frameworks",
					"@loader_path/Frameworks",
				);
				PRODUCT_BUNDLE_IDENTIFIER = Emp.PurchNotezV2UITests;
				PRODUCT_NAME = "$(TARGET_NAME)";
				SWIFT_VERSION = 5.0;
				TARGETED_DEVICE_FAMILY = "1,2";
				TEST_TARGET_NAME = PurchNotezV2;
			};
			name = Debug;
		};
		F9FD02CD242DF46E0061902F /* Release */ = {
			isa = XCBuildConfiguration;
			buildSettings = {
				ALWAYS_EMBED_SWIFT_STANDARD_LIBRARIES = YES;
				CODE_SIGN_STYLE = Automatic;
				INFOPLIST_FILE = PurchNotezV2UITests/Info.plist;
				LD_RUNPATH_SEARCH_PATHS = (
					"$(inherited)",
					"@executable_path/Frameworks",
					"@loader_path/Frameworks",
				);
				PRODUCT_BUNDLE_IDENTIFIER = Emp.PurchNotezV2UITests;
				PRODUCT_NAME = "$(TARGET_NAME)";
				SWIFT_VERSION = 5.0;
				TARGETED_DEVICE_FAMILY = "1,2";
				TEST_TARGET_NAME = PurchNotezV2;
			};
			name = Release;
		};
/* End XCBuildConfiguration section */

/* Begin XCConfigurationList section */
		F9FD0296242DF46C0061902F /* Build configuration list for PBXProject "PurchNotezV2" */ = {
			isa = XCConfigurationList;
			buildConfigurations = (
				F9FD02C3242DF46E0061902F /* Debug */,
				F9FD02C4242DF46E0061902F /* Release */,
			);
			defaultConfigurationIsVisible = 0;
			defaultConfigurationName = Release;
		};
		F9FD02C5242DF46E0061902F /* Build configuration list for PBXNativeTarget "PurchNotezV2" */ = {
			isa = XCConfigurationList;
			buildConfigurations = (
				F9FD02C6242DF46E0061902F /* Debug */,
				F9FD02C7242DF46E0061902F /* Release */,
			);
			defaultConfigurationIsVisible = 0;
			defaultConfigurationName = Release;
		};
		F9FD02C8242DF46E0061902F /* Build configuration list for PBXNativeTarget "PurchNotezV2Tests" */ = {
			isa = XCConfigurationList;
			buildConfigurations = (
				F9FD02C9242DF46E0061902F /* Debug */,
				F9FD02CA242DF46E0061902F /* Release */,
			);
			defaultConfigurationIsVisible = 0;
			defaultConfigurationName = Release;
		};
		F9FD02CB242DF46E0061902F /* Build configuration list for PBXNativeTarget "PurchNotezV2UITests" */ = {
			isa = XCConfigurationList;
			buildConfigurations = (
				F9FD02CC242DF46E0061902F /* Debug */,
				F9FD02CD242DF46E0061902F /* Release */,
			);
			defaultConfigurationIsVisible = 0;
			defaultConfigurationName = Release;
		};
/* End XCConfigurationList section */

/* Begin XCVersionGroup section */
		F9F68A3024614CAE007B7299 /* PurchNotesModel.xcdatamodeld */ = {
			isa = XCVersionGroup;
			children = (
				F9F68A3124614CAE007B7299 /* PurchNotesModel.xcdatamodel */,
			);
			currentVersion = F9F68A3124614CAE007B7299 /* PurchNotesModel.xcdatamodel */;
			path = PurchNotesModel.xcdatamodeld;
			sourceTree = "<group>";
			versionGroupType = wrapper.xcdatamodel;
		};
/* End XCVersionGroup section */
	};
	rootObject = F9FD0293242DF46C0061902F /* Project object */;
}
